
Microsoft Visual Studio Solution File, Format Version 11.00
# Visual Studio 2010
Project("{FAE04EC0-301F-11D3-BF4B-00C04F79EFBC}") = "Admin", "Admin\Admin.csproj", "{6A6F211B-1025-4C17-B783-A4659048BF4D}"
EndProject
Project("{FAE04EC0-301F-11D3-BF4B-00C04F79EFBC}") = "LYZJ.UserLimitMVC.Model", "LYZJ.UserLimitMVC.Model\LYZJ.UserLimitMVC.Model.csproj", "{E28A8437-09C3-4447-8D09-598AE5242E32}"
EndProject
Project("{FAE04EC0-301F-11D3-BF4B-00C04F79EFBC}") = "LYZJ.UserLimitMVC.IDAL", "LYZJ.UserLimitMVC.IDAL\LYZJ.UserLimitMVC.IDAL.csproj", "{D7339EEA-7CA8-4898-BA40-052DA33253C0}"
EndProject
Project("{FAE04EC0-301F-11D3-BF4B-00C04F79EFBC}") = "LYZJ.UserLimitMVC.IBLL", "LYZJ.UserLimitMVC.IBLL\LYZJ.UserLimitMVC.IBLL.csproj", "{E76740B0-BA21-45E5-BBE0-207C92C438DC}"
EndProject
Project("{FAE04EC0-301F-11D3-BF4B-00C04F79EFBC}") = "LYZJ.UserLimitMVC.BLL", "LYZJ.UserLimitMVC.BLL\LYZJ.UserLimitMVC.BLL.csproj", "{7C98324B-5259-40F2-8BD2-6C46EE4542BB}"
EndProject
Project("{FAE04EC0-301F-11D3-BF4B-00C04F79EFBC}") = "LYZJ.UserLimitMVC.Common", "LYZJ.UserLimitMVC.Common\LYZJ.UserLimitMVC.Common.csproj", "{4E1D919C-59DE-4A38-BBAF-067646CA0028}"
EndProject
Project("{FAE04EC0-301F-11D3-BF4B-00C04F79EFBC}") = "LYZJ.UserLimitMVC.DAL", "LYZJ.UserLimitMVC.DAL\LYZJ.UserLimitMVC.DAL.csproj", "{96BC7B9F-2736-4598-8D1A-D267D73B1C0F}"
EndProject
Project("{2150E333-8FDC-42A3-9474-1A3956D46DE8}") = "Implement", "Implement", "{1CAD68A5-EAA9-4A37-B952-9BF8953A59C5}"
EndProject
Project("{2150E333-8FDC-42A3-9474-1A3956D46DE8}") = "Interface", "Interface", "{94F10F23-9C55-4893-BDB7-4FE34472AC8E}"
EndProject
Project("{2150E333-8FDC-42A3-9474-1A3956D46DE8}") = "Model", "Model", "{A7539C1D-78E3-4528-B11F-9C0290EA807C}"
EndProject
Project("{FAE04EC0-301F-11D3-BF4B-00C04F79EFBC}") = "Front", "Front\Front.csproj", "{E613D580-F2B8-4B11-9966-0C801ED0F2B2}"
EndProject
Global
	GlobalSection(SolutionConfigurationPlatforms) = preSolution
		Debug|Any CPU = Debug|Any CPU
		Release|Any CPU = Release|Any CPU
	EndGlobalSection
	GlobalSection(ProjectConfigurationPlatforms) = postSolution
		{6A6F211B-1025-4C17-B783-A4659048BF4D}.Debug|Any CPU.ActiveCfg = Debug|Any CPU
		{6A6F211B-1025-4C17-B783-A4659048BF4D}.Debug|Any CPU.Build.0 = Debug|Any CPU
		{6A6F211B-1025-4C17-B783-A4659048BF4D}.Release|Any CPU.ActiveCfg = Release|Any CPU
		{6A6F211B-1025-4C17-B783-A4659048BF4D}.Release|Any CPU.Build.0 = Release|Any CPU
		{E28A8437-09C3-4447-8D09-598AE5242E32}.Debug|Any CPU.ActiveCfg = Debug|Any CPU
		{E28A8437-09C3-4447-8D09-598AE5242E32}.Debug|Any CPU.Build.0 = Debug|Any CPU
		{E28A8437-09C3-4447-8D09-598AE5242E32}.Release|Any CPU.ActiveCfg = Release|Any CPU
		{E28A8437-09C3-4447-8D09-598AE5242E32}.Release|Any CPU.Build.0 = Release|Any CPU
		{D7339EEA-7CA8-4898-BA40-052DA33253C0}.Debug|Any CPU.ActiveCfg = Debug|Any CPU
		{D7339EEA-7CA8-4898-BA40-052DA33253C0}.Debug|Any CPU.Build.0 = Debug|Any CPU
		{D7339EEA-7CA8-4898-BA40-052DA33253C0}.Release|Any CPU.ActiveCfg = Release|Any CPU
		{D7339EEA-7CA8-4898-BA40-052DA33253C0}.Release|Any CPU.Build.0 = Release|Any CPU
		{E76740B0-BA21-45E5-BBE0-207C92C438DC}.Debug|Any CPU.ActiveCfg = Debug|Any CPU
		{E76740B0-BA21-45E5-BBE0-207C92C438DC}.Debug|Any CPU.Build.0 = Debug|Any CPU
		{E76740B0-BA21-45E5-BBE0-207C92C438DC}.Release|Any CPU.ActiveCfg = Release|Any CPU
		{E76740B0-BA21-45E5-BBE0-207C92C438DC}.Release|Any CPU.Build.0 = Release|Any CPU
		{7C98324B-5259-40F2-8BD2-6C46EE4542BB}.Debug|Any CPU.ActiveCfg = Debug|Any CPU
		{7C98324B-5259-40F2-8BD2-6C46EE4542BB}.Debug|Any CPU.Build.0 = Debug|Any CPU
		{7C98324B-5259-40F2-8BD2-6C46EE4542BB}.Release|Any CPU.ActiveCfg = Release|Any CPU
		{7C98324B-5259-40F2-8BD2-6C46EE4542BB}.Release|Any CPU.Build.0 = Release|Any CPU
		{4E1D919C-59DE-4A38-BBAF-067646CA0028}.Debug|Any CPU.ActiveCfg = Debug|Any CPU
		{4E1D919C-59DE-4A38-BBAF-067646CA0028}.Debug|Any CPU.Build.0 = Debug|Any CPU
		{4E1D919C-59DE-4A38-BBAF-067646CA0028}.Release|Any CPU.ActiveCfg = Release|Any CPU
		{4E1D919C-59DE-4A38-BBAF-067646CA0028}.Release|Any CPU.Build.0 = Release|Any CPU
		{96BC7B9F-2736-4598-8D1A-D267D73B1C0F}.Debug|Any CPU.ActiveCfg = Debug|Any CPU
		{96BC7B9F-2736-4598-8D1A-D267D73B1C0F}.Debug|Any CPU.Build.0 = Debug|Any CPU
		{96BC7B9F-2736-4598-8D1A-D267D73B1C0F}.Release|Any CPU.ActiveCfg = Release|Any CPU
		{96BC7B9F-2736-4598-8D1A-D267D73B1C0F}.Release|Any CPU.Build.0 = Release|Any CPU
		{E613D580-F2B8-4B11-9966-0C801ED0F2B2}.Debug|Any CPU.ActiveCfg = Debug|Any CPU
		{E613D580-F2B8-4B11-9966-0C801ED0F2B2}.Debug|Any CPU.Build.0 = Debug|Any CPU
		{E613D580-F2B8-4B11-9966-0C801ED0F2B2}.Release|Any CPU.ActiveCfg = Release|Any CPU
		{E613D580-F2B8-4B11-9966-0C801ED0F2B2}.Release|Any CPU.Build.0 = Release|Any CPU
	EndGlobalSection
	GlobalSection(SolutionProperties) = preSolution
		HideSolutionNode = FALSE
	EndGlobalSection
	GlobalSection(NestedProjects) = preSolution
		{4E1D919C-59DE-4A38-BBAF-067646CA0028} = {A7539C1D-78E3-4528-B11F-9C0290EA807C}
		{E28A8437-09C3-4447-8D09-598AE5242E32} = {A7539C1D-78E3-4528-B11F-9C0290EA807C}
		{E76740B0-BA21-45E5-BBE0-207C92C438DC} = {94F10F23-9C55-4893-BDB7-4FE34472AC8E}
		{D7339EEA-7CA8-4898-BA40-052DA33253C0} = {94F10F23-9C55-4893-BDB7-4FE34472AC8E}
		{96BC7B9F-2736-4598-8D1A-D267D73B1C0F} = {1CAD68A5-EAA9-4A37-B952-9BF8953A59C5}
		{7C98324B-5259-40F2-8BD2-6C46EE4542BB} = {1CAD68A5-EAA9-4A37-B952-9BF8953A59C5}
	EndGlobalSection
EndGlobal
